
Microsoft Visual Studio Solution File, Format Version 12.00
# Visual Studio Version 16
VisualStudioVersion = 16.0.29613.14
MinimumVisualStudioVersion = 10.0.40219.1
Project("{FAE04EC0-301F-11D3-BF4B-00C04F79EFBC}") = "QuickDiary.AppStarter", "Seminar.AppStarter\QuickDiary.AppStarter.csproj", "{4AFA0512-DC80-4160-A5B6-73D295A22CA7}"
EndProject
Project("{9A19103F-16F7-4668-BE54-9A1E7A4F7556}") = "QuickDiary.Controllers", "Seminar.Controllers\QuickDiary.Controllers.csproj", "{C64BB941-0C65-42A1-9352-BAD37A6B35D5}"
EndProject
Project("{9A19103F-16F7-4668-BE54-9A1E7A4F7556}") = "QuickDiary.BaseLib", "Seminar.BaseLib\QuickDiary.BaseLib.csproj", "{1FE6DB32-2C60-497E-80D6-6B0EF636F8B5}"
EndProject
Project("{9A19103F-16F7-4668-BE54-9A1E7A4F7556}") = "QuickDiary.MemoryBasedDAL", "Seminar.MemoryBasedDAL\QuickDiary.MemoryBasedDAL.csproj", "{6160E9A6-3AD6-4A8F-8C30-CC6B98DE0CA2}"
EndProject
Project("{9A19103F-16F7-4668-BE54-9A1E7A4F7556}") = "QuickDiary.Model", "Seminar.Model\QuickDiary.Model.csproj", "{E8B8F712-0334-4702-8B7D-5725602DF6D0}"
EndProject
Project("{FAE04EC0-301F-11D3-BF4B-00C04F79EFBC}") = "QuickDiary.PresentationLayer", "Seminar.PresentationLayer\QuickDiary.PresentationLayer.csproj", "{DCCCC818-2F12-4C6E-9A12-C72AD2967D19}"
EndProject
Project("{9A19103F-16F7-4668-BE54-9A1E7A4F7556}") = "QuickDiary.MemoryBasedDAL.Tests", "Seminar.MemoryBasedDAL.Tests\QuickDiary.MemoryBasedDAL.Tests.csproj", "{250C2BA6-183C-49C0-8E65-5C9E7E4D7585}"
EndProject
Global
	GlobalSection(SolutionConfigurationPlatforms) = preSolution
		Debug|Any CPU = Debug|Any CPU
		Release|Any CPU = Release|Any CPU
	EndGlobalSection
	GlobalSection(ProjectConfigurationPlatforms) = postSolution
		{4AFA0512-DC80-4160-A5B6-73D295A22CA7}.Debug|Any CPU.ActiveCfg = Debug|Any CPU
		{4AFA0512-DC80-4160-A5B6-73D295A22CA7}.Debug|Any CPU.Build.0 = Debug|Any CPU
		{4AFA0512-DC80-4160-A5B6-73D295A22CA7}.Release|Any CPU.ActiveCfg = Release|Any CPU
		{4AFA0512-DC80-4160-A5B6-73D295A22CA7}.Release|Any CPU.Build.0 = Release|Any CPU
		{C64BB941-0C65-42A1-9352-BAD37A6B35D5}.Debug|Any CPU.ActiveCfg = Debug|Any CPU
		{C64BB941-0C65-42A1-9352-BAD37A6B35D5}.Debug|Any CPU.Build.0 = Debug|Any CPU
		{C64BB941-0C65-42A1-9352-BAD37A6B35D5}.Release|Any CPU.ActiveCfg = Release|Any CPU
		{C64BB941-0C65-42A1-9352-BAD37A6B35D5}.Release|Any CPU.Build.0 = Release|Any CPU
		{1FE6DB32-2C60-497E-80D6-6B0EF636F8B5}.Debug|Any CPU.ActiveCfg = Debug|Any CPU
		{1FE6DB32-2C60-497E-80D6-6B0EF636F8B5}.Debug|Any CPU.Build.0 = Debug|Any CPU
		{1FE6DB32-2C60-497E-80D6-6B0EF636F8B5}.Release|Any CPU.ActiveCfg = Release|Any CPU
		{1FE6DB32-2C60-497E-80D6-6B0EF636F8B5}.Release|Any CPU.Build.0 = Release|Any CPU
		{6160E9A6-3AD6-4A8F-8C30-CC6B98DE0CA2}.Debug|Any CPU.ActiveCfg = Debug|Any CPU
		{6160E9A6-3AD6-4A8F-8C30-CC6B98DE0CA2}.Debug|Any CPU.Build.0 = Debug|Any CPU
		{6160E9A6-3AD6-4A8F-8C30-CC6B98DE0CA2}.Release|Any CPU.ActiveCfg = Release|Any CPU
		{6160E9A6-3AD6-4A8F-8C30-CC6B98DE0CA2}.Release|Any CPU.Build.0 = Release|Any CPU
		{E8B8F712-0334-4702-8B7D-5725602DF6D0}.Debug|Any CPU.ActiveCfg = Debug|Any CPU
		{E8B8F712-0334-4702-8B7D-5725602DF6D0}.Debug|Any CPU.Build.0 = Debug|Any CPU
		{E8B8F712-0334-4702-8B7D-5725602DF6D0}.Release|Any CPU.ActiveCfg = Release|Any CPU
		{E8B8F712-0334-4702-8B7D-5725602DF6D0}.Release|Any CPU.Build.0 = Release|Any CPU
		{DCCCC818-2F12-4C6E-9A12-C72AD2967D19}.Debug|Any CPU.ActiveCfg = Debug|Any CPU
		{DCCCC818-2F12-4C6E-9A12-C72AD2967D19}.Debug|Any CPU.Build.0 = Debug|Any CPU
		{DCCCC818-2F12-4C6E-9A12-C72AD2967D19}.Release|Any CPU.ActiveCfg = Release|Any CPU
		{DCCCC818-2F12-4C6E-9A12-C72AD2967D19}.Release|Any CPU.Build.0 = Release|Any CPU
		{250C2BA6-183C-49C0-8E65-5C9E7E4D7585}.Debug|Any CPU.ActiveCfg = Debug|Any CPU
		{250C2BA6-183C-49C0-8E65-5C9E7E4D7585}.Debug|Any CPU.Build.0 = Debug|Any CPU
		{250C2BA6-183C-49C0-8E65-5C9E7E4D7585}.Release|Any CPU.ActiveCfg = Release|Any CPU
		{250C2BA6-183C-49C0-8E65-5C9E7E4D7585}.Release|Any CPU.Build.0 = Release|Any CPU
	EndGlobalSection
	GlobalSection(SolutionProperties) = preSolution
		HideSolutionNode = FALSE
	EndGlobalSection
	GlobalSection(ExtensibilityGlobals) = postSolution
		SolutionGuid = {67969091-57FD-4B50-AF23-A90A17DCC9DC}
	EndGlobalSection
EndGlobal
