
Microsoft Visual Studio Solution File, Format Version 12.00
# Visual Studio Version 16
VisualStudioVersion = 16.0.29613.14
MinimumVisualStudioVersion = 10.0.40219.1
Project("{FAE04EC0-301F-11D3-BF4B-00C04F79EFBC}") = "Seminar.AppStarter", "Seminar.AppStarter\Seminar.AppStarter.csproj", "{4AFA0512-DC80-4160-A5B6-73D295A22CA7}"
EndProject
Project("{FAE04EC0-301F-11D3-BF4B-00C04F79EFBC}") = "Seminar.Controllers", "Seminar.Controllers\Seminar.Controllers.csproj", "{C64BB941-0C65-42A1-9352-BAD37A6B35D5}"
EndProject
Project("{FAE04EC0-301F-11D3-BF4B-00C04F79EFBC}") = "Seminar.BaseLib", "Seminar.BaseLib\Seminar.BaseLib.csproj", "{1FE6DB32-2C60-497E-80D6-6B0EF636F8B5}"
EndProject
Project("{FAE04EC0-301F-11D3-BF4B-00C04F79EFBC}") = "Seminar.MemoryBasedDAL", "Seminar.MemoryBasedDAL\Seminar.MemoryBasedDAL.csproj", "{6160E9A6-3AD6-4A8F-8C30-CC6B98DE0CA2}"
EndProject
Project("{FAE04EC0-301F-11D3-BF4B-00C04F79EFBC}") = "Seminar.Model", "Seminar.Model\Seminar.Model.csproj", "{E8B8F712-0334-4702-8B7D-5725602DF6D0}"
EndProject
Project("{FAE04EC0-301F-11D3-BF4B-00C04F79EFBC}") = "Seminar.PresentationLayer", "Seminar.PresentationLayer\Seminar.PresentationLayer.csproj", "{DCCCC818-2F12-4C6E-9A12-C72AD2967D19}"
EndProject
Global
	GlobalSection(SolutionConfigurationPlatforms) = preSolution
		Debug|Any CPU = Debug|Any CPU
		Release|Any CPU = Release|Any CPU
	EndGlobalSection
	GlobalSection(ProjectConfigurationPlatforms) = postSolution
		{4AFA0512-DC80-4160-A5B6-73D295A22CA7}.Debug|Any CPU.ActiveCfg = Debug|Any CPU
		{4AFA0512-DC80-4160-A5B6-73D295A22CA7}.Debug|Any CPU.Build.0 = Debug|Any CPU
		{4AFA0512-DC80-4160-A5B6-73D295A22CA7}.Release|Any CPU.ActiveCfg = Release|Any CPU
		{4AFA0512-DC80-4160-A5B6-73D295A22CA7}.Release|Any CPU.Build.0 = Release|Any CPU
		{C64BB941-0C65-42A1-9352-BAD37A6B35D5}.Debug|Any CPU.ActiveCfg = Debug|Any CPU
		{C64BB941-0C65-42A1-9352-BAD37A6B35D5}.Debug|Any CPU.Build.0 = Debug|Any CPU
		{C64BB941-0C65-42A1-9352-BAD37A6B35D5}.Release|Any CPU.ActiveCfg = Release|Any CPU
		{C64BB941-0C65-42A1-9352-BAD37A6B35D5}.Release|Any CPU.Build.0 = Release|Any CPU
		{1FE6DB32-2C60-497E-80D6-6B0EF636F8B5}.Debug|Any CPU.ActiveCfg = Debug|Any CPU
		{1FE6DB32-2C60-497E-80D6-6B0EF636F8B5}.Debug|Any CPU.Build.0 = Debug|Any CPU
		{1FE6DB32-2C60-497E-80D6-6B0EF636F8B5}.Release|Any CPU.ActiveCfg = Release|Any CPU
		{1FE6DB32-2C60-497E-80D6-6B0EF636F8B5}.Release|Any CPU.Build.0 = Release|Any CPU
		{6160E9A6-3AD6-4A8F-8C30-CC6B98DE0CA2}.Debug|Any CPU.ActiveCfg = Debug|Any CPU
		{6160E9A6-3AD6-4A8F-8C30-CC6B98DE0CA2}.Debug|Any CPU.Build.0 = Debug|Any CPU
		{6160E9A6-3AD6-4A8F-8C30-CC6B98DE0CA2}.Release|Any CPU.ActiveCfg = Release|Any CPU
		{6160E9A6-3AD6-4A8F-8C30-CC6B98DE0CA2}.Release|Any CPU.Build.0 = Release|Any CPU
		{E8B8F712-0334-4702-8B7D-5725602DF6D0}.Debug|Any CPU.ActiveCfg = Debug|Any CPU
		{E8B8F712-0334-4702-8B7D-5725602DF6D0}.Debug|Any CPU.Build.0 = Debug|Any CPU
		{E8B8F712-0334-4702-8B7D-5725602DF6D0}.Release|Any CPU.ActiveCfg = Release|Any CPU
		{E8B8F712-0334-4702-8B7D-5725602DF6D0}.Release|Any CPU.Build.0 = Release|Any CPU
		{DCCCC818-2F12-4C6E-9A12-C72AD2967D19}.Debug|Any CPU.ActiveCfg = Debug|Any CPU
		{DCCCC818-2F12-4C6E-9A12-C72AD2967D19}.Debug|Any CPU.Build.0 = Debug|Any CPU
		{DCCCC818-2F12-4C6E-9A12-C72AD2967D19}.Release|Any CPU.ActiveCfg = Release|Any CPU
		{DCCCC818-2F12-4C6E-9A12-C72AD2967D19}.Release|Any CPU.Build.0 = Release|Any CPU
	EndGlobalSection
	GlobalSection(SolutionProperties) = preSolution
		HideSolutionNode = FALSE
	EndGlobalSection
	GlobalSection(ExtensibilityGlobals) = postSolution
		SolutionGuid = {67969091-57FD-4B50-AF23-A90A17DCC9DC}
	EndGlobalSection
EndGlobal
